// !$*UTF8*$!
{
	archiveVersion = 1;
	classes = {
	};
	objectVersion = 55;
	objects = {

/* Begin PBXBuildFile section */
		6594775428103CC500EE10D3 /* TopTracerTestApp.swift in Sources */ = {isa = PBXBuildFile; fileRef = 6594775328103CC500EE10D3 /* TopTracerTestApp.swift */; };
		6594775628103CC500EE10D3 /* ContentView.swift in Sources */ = {isa = PBXBuildFile; fileRef = 6594775528103CC500EE10D3 /* ContentView.swift */; };
		6594775828103CC900EE10D3 /* Assets.xcassets in Resources */ = {isa = PBXBuildFile; fileRef = 6594775728103CC900EE10D3 /* Assets.xcassets */; };
		6594775B28103CC900EE10D3 /* Preview Assets.xcassets in Resources */ = {isa = PBXBuildFile; fileRef = 6594775A28103CC900EE10D3 /* Preview Assets.xcassets */; };
		6594776528103CCA00EE10D3 /* TopTracerTestTests.swift in Sources */ = {isa = PBXBuildFile; fileRef = 6594776428103CCA00EE10D3 /* TopTracerTestTests.swift */; };
		6594776F28103CCA00EE10D3 /* TopTracerTestUITests.swift in Sources */ = {isa = PBXBuildFile; fileRef = 6594776E28103CCA00EE10D3 /* TopTracerTestUITests.swift */; };
		6594777128103CCA00EE10D3 /* TopTracerTestUITestsLaunchTests.swift in Sources */ = {isa = PBXBuildFile; fileRef = 6594777028103CCA00EE10D3 /* TopTracerTestUITestsLaunchTests.swift */; };
		6594777E28103DDF00EE10D3 /* LoginView.swift in Sources */ = {isa = PBXBuildFile; fileRef = 6594777D28103DDF00EE10D3 /* LoginView.swift */; };
		6594778028103E0800EE10D3 /* GreetingsView.swift in Sources */ = {isa = PBXBuildFile; fileRef = 6594777F28103E0800EE10D3 /* GreetingsView.swift */; };
		6594778228104CA500EE10D3 /* UserAuthenticator.swift in Sources */ = {isa = PBXBuildFile; fileRef = 6594778128104CA500EE10D3 /* UserAuthenticator.swift */; };
		65947784281059D500EE10D3 /* User.swift in Sources */ = {isa = PBXBuildFile; fileRef = 65947783281059D500EE10D3 /* User.swift */; };
		6594778628107B9100EE10D3 /* GiphyURL.swift in Sources */ = {isa = PBXBuildFile; fileRef = 6594778528107B9100EE10D3 /* GiphyURL.swift */; };
		6594778A2810FDC900EE10D3 /* GiphyMetaData.swift in Sources */ = {isa = PBXBuildFile; fileRef = 659477892810FDC900EE10D3 /* GiphyMetaData.swift */; };
		6594778C2810FDF700EE10D3 /* GiphyImageData.swift in Sources */ = {isa = PBXBuildFile; fileRef = 6594778B2810FDF700EE10D3 /* GiphyImageData.swift */; };
		6594778E2810FE1700EE10D3 /* GiphyImageContainer.swift in Sources */ = {isa = PBXBuildFile; fileRef = 6594778D2810FE1700EE10D3 /* GiphyImageContainer.swift */; };
		659477902810FE3100EE10D3 /* GiphyImages.swift in Sources */ = {isa = PBXBuildFile; fileRef = 6594778F2810FE3100EE10D3 /* GiphyImages.swift */; };
		659477922810FE5000EE10D3 /* GiphyImage.swift in Sources */ = {isa = PBXBuildFile; fileRef = 659477912810FE5000EE10D3 /* GiphyImage.swift */; };
/* End PBXBuildFile section */

/* Begin PBXContainerItemProxy section */
		6594776128103CC900EE10D3 /* PBXContainerItemProxy */ = {
			isa = PBXContainerItemProxy;
			containerPortal = 6594774828103CC500EE10D3 /* Project object */;
			proxyType = 1;
			remoteGlobalIDString = 6594774F28103CC500EE10D3;
			remoteInfo = TopTracerTest;
		};
		6594776B28103CCA00EE10D3 /* PBXContainerItemProxy */ = {
			isa = PBXContainerItemProxy;
			containerPortal = 6594774828103CC500EE10D3 /* Project object */;
			proxyType = 1;
			remoteGlobalIDString = 6594774F28103CC500EE10D3;
			remoteInfo = TopTracerTest;
		};
/* End PBXContainerItemProxy section */

/* Begin PBXFileReference section */
		6594775028103CC500EE10D3 /* TopTracerTest.app */ = {isa = PBXFileReference; explicitFileType = wrapper.application; includeInIndex = 0; path = TopTracerTest.app; sourceTree = BUILT_PRODUCTS_DIR; };
		6594775328103CC500EE10D3 /* TopTracerTestApp.swift */ = {isa = PBXFileReference; lastKnownFileType = sourcecode.swift; path = TopTracerTestApp.swift; sourceTree = "<group>"; };
		6594775528103CC500EE10D3 /* ContentView.swift */ = {isa = PBXFileReference; lastKnownFileType = sourcecode.swift; path = ContentView.swift; sourceTree = "<group>"; };
		6594775728103CC900EE10D3 /* Assets.xcassets */ = {isa = PBXFileReference; lastKnownFileType = folder.assetcatalog; path = Assets.xcassets; sourceTree = "<group>"; };
		6594775A28103CC900EE10D3 /* Preview Assets.xcassets */ = {isa = PBXFileReference; lastKnownFileType = folder.assetcatalog; path = "Preview Assets.xcassets"; sourceTree = "<group>"; };
		6594776028103CC900EE10D3 /* TopTracerTestTests.xctest */ = {isa = PBXFileReference; explicitFileType = wrapper.cfbundle; includeInIndex = 0; path = TopTracerTestTests.xctest; sourceTree = BUILT_PRODUCTS_DIR; };
		6594776428103CCA00EE10D3 /* TopTracerTestTests.swift */ = {isa = PBXFileReference; lastKnownFileType = sourcecode.swift; path = TopTracerTestTests.swift; sourceTree = "<group>"; };
		6594776A28103CCA00EE10D3 /* TopTracerTestUITests.xctest */ = {isa = PBXFileReference; explicitFileType = wrapper.cfbundle; includeInIndex = 0; path = TopTracerTestUITests.xctest; sourceTree = BUILT_PRODUCTS_DIR; };
		6594776E28103CCA00EE10D3 /* TopTracerTestUITests.swift */ = {isa = PBXFileReference; lastKnownFileType = sourcecode.swift; path = TopTracerTestUITests.swift; sourceTree = "<group>"; };
		6594777028103CCA00EE10D3 /* TopTracerTestUITestsLaunchTests.swift */ = {isa = PBXFileReference; lastKnownFileType = sourcecode.swift; path = TopTracerTestUITestsLaunchTests.swift; sourceTree = "<group>"; };
		6594777D28103DDF00EE10D3 /* LoginView.swift */ = {isa = PBXFileReference; lastKnownFileType = sourcecode.swift; path = LoginView.swift; sourceTree = "<group>"; };
		6594777F28103E0800EE10D3 /* GreetingsView.swift */ = {isa = PBXFileReference; lastKnownFileType = sourcecode.swift; path = GreetingsView.swift; sourceTree = "<group>"; };
		6594778128104CA500EE10D3 /* UserAuthenticator.swift */ = {isa = PBXFileReference; lastKnownFileType = sourcecode.swift; path = UserAuthenticator.swift; sourceTree = "<group>"; };
		65947783281059D500EE10D3 /* User.swift */ = {isa = PBXFileReference; lastKnownFileType = sourcecode.swift; path = User.swift; sourceTree = "<group>"; };
		6594778528107B9100EE10D3 /* GiphyURL.swift */ = {isa = PBXFileReference; lastKnownFileType = sourcecode.swift; path = GiphyURL.swift; sourceTree = "<group>"; };
		659477892810FDC900EE10D3 /* GiphyMetaData.swift */ = {isa = PBXFileReference; lastKnownFileType = sourcecode.swift; path = GiphyMetaData.swift; sourceTree = "<group>"; };
		6594778B2810FDF700EE10D3 /* GiphyImageData.swift */ = {isa = PBXFileReference; lastKnownFileType = sourcecode.swift; path = GiphyImageData.swift; sourceTree = "<group>"; };
		6594778D2810FE1700EE10D3 /* GiphyImageContainer.swift */ = {isa = PBXFileReference; lastKnownFileType = sourcecode.swift; path = GiphyImageContainer.swift; sourceTree = "<group>"; };
		6594778F2810FE3100EE10D3 /* GiphyImages.swift */ = {isa = PBXFileReference; lastKnownFileType = sourcecode.swift; path = GiphyImages.swift; sourceTree = "<group>"; };
		659477912810FE5000EE10D3 /* GiphyImage.swift */ = {isa = PBXFileReference; lastKnownFileType = sourcecode.swift; path = GiphyImage.swift; sourceTree = "<group>"; };
/* End PBXFileReference section */

/* Begin PBXFrameworksBuildPhase section */
		6594774D28103CC500EE10D3 /* Frameworks */ = {
			isa = PBXFrameworksBuildPhase;
			buildActionMask = 2147483647;
			files = (
			);
			runOnlyForDeploymentPostprocessing = 0;
		};
		6594775D28103CC900EE10D3 /* Frameworks */ = {
			isa = PBXFrameworksBuildPhase;
			buildActionMask = 2147483647;
			files = (
			);
			runOnlyForDeploymentPostprocessing = 0;
		};
		6594776728103CCA00EE10D3 /* Frameworks */ = {
			isa = PBXFrameworksBuildPhase;
			buildActionMask = 2147483647;
			files = (
			);
			runOnlyForDeploymentPostprocessing = 0;
		};
/* End PBXFrameworksBuildPhase section */

/* Begin PBXGroup section */
		6594774728103CC500EE10D3 = {
			isa = PBXGroup;
			children = (
				6594775228103CC500EE10D3 /* TopTracerTest */,
				6594776328103CC900EE10D3 /* TopTracerTestTests */,
				6594776D28103CCA00EE10D3 /* TopTracerTestUITests */,
				6594775128103CC500EE10D3 /* Products */,
			);
			sourceTree = "<group>";
		};
		6594775128103CC500EE10D3 /* Products */ = {
			isa = PBXGroup;
			children = (
				6594775028103CC500EE10D3 /* TopTracerTest.app */,
				6594776028103CC900EE10D3 /* TopTracerTestTests.xctest */,
				6594776A28103CCA00EE10D3 /* TopTracerTestUITests.xctest */,
			);
			name = Products;
			sourceTree = "<group>";
		};
		6594775228103CC500EE10D3 /* TopTracerTest */ = {
			isa = PBXGroup;
			children = (
				6594775328103CC500EE10D3 /* TopTracerTestApp.swift */,
				65947783281059D500EE10D3 /* User.swift */,
				6594778128104CA500EE10D3 /* UserAuthenticator.swift */,
				659477932810FF1400EE10D3 /* Views */,
				659477872810FD8E00EE10D3 /* Giphy */,
				6594775728103CC900EE10D3 /* Assets.xcassets */,
				6594775928103CC900EE10D3 /* Preview Content */,
			);
			path = TopTracerTest;
			sourceTree = "<group>";
		};
		6594775928103CC900EE10D3 /* Preview Content */ = {
			isa = PBXGroup;
			children = (
				6594775A28103CC900EE10D3 /* Preview Assets.xcassets */,
			);
			path = "Preview Content";
			sourceTree = "<group>";
		};
		6594776328103CC900EE10D3 /* TopTracerTestTests */ = {
			isa = PBXGroup;
			children = (
				6594776428103CCA00EE10D3 /* TopTracerTestTests.swift */,
			);
			path = TopTracerTestTests;
			sourceTree = "<group>";
		};
		6594776D28103CCA00EE10D3 /* TopTracerTestUITests */ = {
			isa = PBXGroup;
			children = (
				6594776E28103CCA00EE10D3 /* TopTracerTestUITests.swift */,
				6594777028103CCA00EE10D3 /* TopTracerTestUITestsLaunchTests.swift */,
			);
			path = TopTracerTestUITests;
			sourceTree = "<group>";
		};
		659477872810FD8E00EE10D3 /* Giphy */ = {
			isa = PBXGroup;
			children = (
				659477882810FDB900EE10D3 /* Models */,
				6594778528107B9100EE10D3 /* GiphyURL.swift */,
			);
			path = Giphy;
			sourceTree = "<group>";
		};
		659477882810FDB900EE10D3 /* Models */ = {
			isa = PBXGroup;
			children = (
				659477892810FDC900EE10D3 /* GiphyMetaData.swift */,
				6594778B2810FDF700EE10D3 /* GiphyImageData.swift */,
				6594778D2810FE1700EE10D3 /* GiphyImageContainer.swift */,
				6594778F2810FE3100EE10D3 /* GiphyImages.swift */,
				659477912810FE5000EE10D3 /* GiphyImage.swift */,
			);
			path = Models;
			sourceTree = "<group>";
		};
		659477932810FF1400EE10D3 /* Views */ = {
			isa = PBXGroup;
			children = (
				6594775528103CC500EE10D3 /* ContentView.swift */,
				6594777F28103E0800EE10D3 /* GreetingsView.swift */,
				6594777D28103DDF00EE10D3 /* LoginView.swift */,
			);
			path = Views;
			sourceTree = "<group>";
		};
/* End PBXGroup section */

/* Begin PBXNativeTarget section */
		6594774F28103CC500EE10D3 /* TopTracerTest */ = {
			isa = PBXNativeTarget;
			buildConfigurationList = 6594777428103CCA00EE10D3 /* Build configuration list for PBXNativeTarget "TopTracerTest" */;
			buildPhases = (
				6594774C28103CC500EE10D3 /* Sources */,
				6594774D28103CC500EE10D3 /* Frameworks */,
				6594774E28103CC500EE10D3 /* Resources */,
			);
			buildRules = (
			);
			dependencies = (
			);
			name = TopTracerTest;
			productName = TopTracerTest;
			productReference = 6594775028103CC500EE10D3 /* TopTracerTest.app */;
			productType = "com.apple.product-type.application";
		};
		6594775F28103CC900EE10D3 /* TopTracerTestTests */ = {
			isa = PBXNativeTarget;
			buildConfigurationList = 6594777728103CCA00EE10D3 /* Build configuration list for PBXNativeTarget "TopTracerTestTests" */;
			buildPhases = (
				6594775C28103CC900EE10D3 /* Sources */,
				6594775D28103CC900EE10D3 /* Frameworks */,
				6594775E28103CC900EE10D3 /* Resources */,
			);
			buildRules = (
			);
			dependencies = (
				6594776228103CC900EE10D3 /* PBXTargetDependency */,
			);
			name = TopTracerTestTests;
			productName = TopTracerTestTests;
			productReference = 6594776028103CC900EE10D3 /* TopTracerTestTests.xctest */;
			productType = "com.apple.product-type.bundle.unit-test";
		};
		6594776928103CCA00EE10D3 /* TopTracerTestUITests */ = {
			isa = PBXNativeTarget;
			buildConfigurationList = 6594777A28103CCA00EE10D3 /* Build configuration list for PBXNativeTarget "TopTracerTestUITests" */;
			buildPhases = (
				6594776628103CCA00EE10D3 /* Sources */,
				6594776728103CCA00EE10D3 /* Frameworks */,
				6594776828103CCA00EE10D3 /* Resources */,
			);
			buildRules = (
			);
			dependencies = (
				6594776C28103CCA00EE10D3 /* PBXTargetDependency */,
			);
			name = TopTracerTestUITests;
			productName = TopTracerTestUITests;
			productReference = 6594776A28103CCA00EE10D3 /* TopTracerTestUITests.xctest */;
			productType = "com.apple.product-type.bundle.ui-testing";
		};
/* End PBXNativeTarget section */

/* Begin PBXProject section */
		6594774828103CC500EE10D3 /* Project object */ = {
			isa = PBXProject;
			attributes = {
				BuildIndependentTargetsInParallel = 1;
				LastSwiftUpdateCheck = 1330;
				LastUpgradeCheck = 1330;
				TargetAttributes = {
					6594774F28103CC500EE10D3 = {
						CreatedOnToolsVersion = 13.3.1;
					};
					6594775F28103CC900EE10D3 = {
						CreatedOnToolsVersion = 13.3.1;
						TestTargetID = 6594774F28103CC500EE10D3;
					};
					6594776928103CCA00EE10D3 = {
						CreatedOnToolsVersion = 13.3.1;
						TestTargetID = 6594774F28103CC500EE10D3;
					};
				};
			};
			buildConfigurationList = 6594774B28103CC500EE10D3 /* Build configuration list for PBXProject "TopTracerTest" */;
			compatibilityVersion = "Xcode 13.0";
			developmentRegion = en;
			hasScannedForEncodings = 0;
			knownRegions = (
				en,
				Base,
			);
			mainGroup = 6594774728103CC500EE10D3;
			productRefGroup = 6594775128103CC500EE10D3 /* Products */;
			projectDirPath = "";
			projectRoot = "";
			targets = (
				6594774F28103CC500EE10D3 /* TopTracerTest */,
				6594775F28103CC900EE10D3 /* TopTracerTestTests */,
				6594776928103CCA00EE10D3 /* TopTracerTestUITests */,
			);
		};
/* End PBXProject section */

/* Begin PBXResourcesBuildPhase section */
		6594774E28103CC500EE10D3 /* Resources */ = {
			isa = PBXResourcesBuildPhase;
			buildActionMask = 2147483647;
			files = (
				6594775B28103CC900EE10D3 /* Preview Assets.xcassets in Resources */,
				6594775828103CC900EE10D3 /* Assets.xcassets in Resources */,
			);
			runOnlyForDeploymentPostprocessing = 0;
		};
		6594775E28103CC900EE10D3 /* Resources */ = {
			isa = PBXResourcesBuildPhase;
			buildActionMask = 2147483647;
			files = (
			);
			runOnlyForDeploymentPostprocessing = 0;
		};
		6594776828103CCA00EE10D3 /* Resources */ = {
			isa = PBXResourcesBuildPhase;
			buildActionMask = 2147483647;
			files = (
			);
			runOnlyForDeploymentPostprocessing = 0;
		};
/* End PBXResourcesBuildPhase section */

/* Begin PBXSourcesBuildPhase section */
		6594774C28103CC500EE10D3 /* Sources */ = {
			isa = PBXSourcesBuildPhase;
			buildActionMask = 2147483647;
			files = (
				6594778A2810FDC900EE10D3 /* GiphyMetaData.swift in Sources */,
				6594777E28103DDF00EE10D3 /* LoginView.swift in Sources */,
				659477902810FE3100EE10D3 /* GiphyImages.swift in Sources */,
				659477922810FE5000EE10D3 /* GiphyImage.swift in Sources */,
				6594778028103E0800EE10D3 /* GreetingsView.swift in Sources */,
				65947784281059D500EE10D3 /* User.swift in Sources */,
				6594778228104CA500EE10D3 /* UserAuthenticator.swift in Sources */,
				6594778E2810FE1700EE10D3 /* GiphyImageContainer.swift in Sources */,
				6594778628107B9100EE10D3 /* GiphyURL.swift in Sources */,
				6594775628103CC500EE10D3 /* ContentView.swift in Sources */,
				6594775428103CC500EE10D3 /* TopTracerTestApp.swift in Sources */,
				6594778C2810FDF700EE10D3 /* GiphyImageData.swift in Sources */,
			);
			runOnlyForDeploymentPostprocessing = 0;
		};
		6594775C28103CC900EE10D3 /* Sources */ = {
			isa = PBXSourcesBuildPhase;
			buildActionMask = 2147483647;
			files = (
				6594776528103CCA00EE10D3 /* TopTracerTestTests.swift in Sources */,
			);
			runOnlyForDeploymentPostprocessing = 0;
		};
		6594776628103CCA00EE10D3 /* Sources */ = {
			isa = PBXSourcesBuildPhase;
			buildActionMask = 2147483647;
			files = (
				6594776F28103CCA00EE10D3 /* TopTracerTestUITests.swift in Sources */,
				6594777128103CCA00EE10D3 /* TopTracerTestUITestsLaunchTests.swift in Sources */,
			);
			runOnlyForDeploymentPostprocessing = 0;
		};
/* End PBXSourcesBuildPhase section */

/* Begin PBXTargetDependency section */
		6594776228103CC900EE10D3 /* PBXTargetDependency */ = {
			isa = PBXTargetDependency;
			target = 6594774F28103CC500EE10D3 /* TopTracerTest */;
			targetProxy = 6594776128103CC900EE10D3 /* PBXContainerItemProxy */;
		};
		6594776C28103CCA00EE10D3 /* PBXTargetDependency */ = {
			isa = PBXTargetDependency;
			target = 6594774F28103CC500EE10D3 /* TopTracerTest */;
			targetProxy = 6594776B28103CCA00EE10D3 /* PBXContainerItemProxy */;
		};
/* End PBXTargetDependency section */

/* Begin XCBuildConfiguration section */
		6594777228103CCA00EE10D3 /* Debug */ = {
			isa = XCBuildConfiguration;
			buildSettings = {
				ALWAYS_SEARCH_USER_PATHS = NO;
				CLANG_ANALYZER_NONNULL = YES;
				CLANG_ANALYZER_NUMBER_OBJECT_CONVERSION = YES_AGGRESSIVE;
				CLANG_CXX_LANGUAGE_STANDARD = "gnu++17";
				CLANG_ENABLE_MODULES = YES;
				CLANG_ENABLE_OBJC_ARC = YES;
				CLANG_ENABLE_OBJC_WEAK = YES;
				CLANG_WARN_BLOCK_CAPTURE_AUTORELEASING = YES;
				CLANG_WARN_BOOL_CONVERSION = YES;
				CLANG_WARN_COMMA = YES;
				CLANG_WARN_CONSTANT_CONVERSION = YES;
				CLANG_WARN_DEPRECATED_OBJC_IMPLEMENTATIONS = YES;
				CLANG_WARN_DIRECT_OBJC_ISA_USAGE = YES_ERROR;
				CLANG_WARN_DOCUMENTATION_COMMENTS = YES;
				CLANG_WARN_EMPTY_BODY = YES;
				CLANG_WARN_ENUM_CONVERSION = YES;
				CLANG_WARN_INFINITE_RECURSION = YES;
				CLANG_WARN_INT_CONVERSION = YES;
				CLANG_WARN_NON_LITERAL_NULL_CONVERSION = YES;
				CLANG_WARN_OBJC_IMPLICIT_RETAIN_SELF = YES;
				CLANG_WARN_OBJC_LITERAL_CONVERSION = YES;
				CLANG_WARN_OBJC_ROOT_CLASS = YES_ERROR;
				CLANG_WARN_QUOTED_INCLUDE_IN_FRAMEWORK_HEADER = YES;
				CLANG_WARN_RANGE_LOOP_ANALYSIS = YES;
				CLANG_WARN_STRICT_PROTOTYPES = YES;
				CLANG_WARN_SUSPICIOUS_MOVE = YES;
				CLANG_WARN_UNGUARDED_AVAILABILITY = YES_AGGRESSIVE;
				CLANG_WARN_UNREACHABLE_CODE = YES;
				CLANG_WARN__DUPLICATE_METHOD_MATCH = YES;
				COPY_PHASE_STRIP = NO;
				DEBUG_INFORMATION_FORMAT = dwarf;
				ENABLE_STRICT_OBJC_MSGSEND = YES;
				ENABLE_TESTABILITY = YES;
				GCC_C_LANGUAGE_STANDARD = gnu11;
				GCC_DYNAMIC_NO_PIC = NO;
				GCC_NO_COMMON_BLOCKS = YES;
				GCC_OPTIMIZATION_LEVEL = 0;
				GCC_PREPROCESSOR_DEFINITIONS = (
					"DEBUG=1",
					"$(inherited)",
				);
				GCC_WARN_64_TO_32_BIT_CONVERSION = YES;
				GCC_WARN_ABOUT_RETURN_TYPE = YES_ERROR;
				GCC_WARN_UNDECLARED_SELECTOR = YES;
				GCC_WARN_UNINITIALIZED_AUTOS = YES_AGGRESSIVE;
				GCC_WARN_UNUSED_FUNCTION = YES;
				GCC_WARN_UNUSED_VARIABLE = YES;
				IPHONEOS_DEPLOYMENT_TARGET = 15.4;
				MTL_ENABLE_DEBUG_INFO = INCLUDE_SOURCE;
				MTL_FAST_MATH = YES;
				ONLY_ACTIVE_ARCH = YES;
				SDKROOT = iphoneos;
				SWIFT_ACTIVE_COMPILATION_CONDITIONS = DEBUG;
				SWIFT_OPTIMIZATION_LEVEL = "-Onone";
			};
			name = Debug;
		};
		6594777328103CCA00EE10D3 /* Release */ = {
			isa = XCBuildConfiguration;
			buildSettings = {
				ALWAYS_SEARCH_USER_PATHS = NO;
				CLANG_ANALYZER_NONNULL = YES;
				CLANG_ANALYZER_NUMBER_OBJECT_CONVERSION = YES_AGGRESSIVE;
				CLANG_CXX_LANGUAGE_STANDARD = "gnu++17";
				CLANG_ENABLE_MODULES = YES;
				CLANG_ENABLE_OBJC_ARC = YES;
				CLANG_ENABLE_OBJC_WEAK = YES;
				CLANG_WARN_BLOCK_CAPTURE_AUTORELEASING = YES;
				CLANG_WARN_BOOL_CONVERSION = YES;
				CLANG_WARN_COMMA = YES;
				CLANG_WARN_CONSTANT_CONVERSION = YES;
				CLANG_WARN_DEPRECATED_OBJC_IMPLEMENTATIONS = YES;
				CLANG_WARN_DIRECT_OBJC_ISA_USAGE = YES_ERROR;
				CLANG_WARN_DOCUMENTATION_COMMENTS = YES;
				CLANG_WARN_EMPTY_BODY = YES;
				CLANG_WARN_ENUM_CONVERSION = YES;
				CLANG_WARN_INFINITE_RECURSION = YES;
				CLANG_WARN_INT_CONVERSION = YES;
				CLANG_WARN_NON_LITERAL_NULL_CONVERSION = YES;
				CLANG_WARN_OBJC_IMPLICIT_RETAIN_SELF = YES;
				CLANG_WARN_OBJC_LITERAL_CONVERSION = YES;
				CLANG_WARN_OBJC_ROOT_CLASS = YES_ERROR;
				CLANG_WARN_QUOTED_INCLUDE_IN_FRAMEWORK_HEADER = YES;
				CLANG_WARN_RANGE_LOOP_ANALYSIS = YES;
				CLANG_WARN_STRICT_PROTOTYPES = YES;
				CLANG_WARN_SUSPICIOUS_MOVE = YES;
				CLANG_WARN_UNGUARDED_AVAILABILITY = YES_AGGRESSIVE;
				CLANG_WARN_UNREACHABLE_CODE = YES;
				CLANG_WARN__DUPLICATE_METHOD_MATCH = YES;
				COPY_PHASE_STRIP = NO;
				DEBUG_INFORMATION_FORMAT = "dwarf-with-dsym";
				ENABLE_NS_ASSERTIONS = NO;
				ENABLE_STRICT_OBJC_MSGSEND = YES;
				GCC_C_LANGUAGE_STANDARD = gnu11;
				GCC_NO_COMMON_BLOCKS = YES;
				GCC_WARN_64_TO_32_BIT_CONVERSION = YES;
				GCC_WARN_ABOUT_RETURN_TYPE = YES_ERROR;
				GCC_WARN_UNDECLARED_SELECTOR = YES;
				GCC_WARN_UNINITIALIZED_AUTOS = YES_AGGRESSIVE;
				GCC_WARN_UNUSED_FUNCTION = YES;
				GCC_WARN_UNUSED_VARIABLE = YES;
				IPHONEOS_DEPLOYMENT_TARGET = 15.4;
				MTL_ENABLE_DEBUG_INFO = NO;
				MTL_FAST_MATH = YES;
				SDKROOT = iphoneos;
				SWIFT_COMPILATION_MODE = wholemodule;
				SWIFT_OPTIMIZATION_LEVEL = "-O";
				VALIDATE_PRODUCT = YES;
			};
			name = Release;
		};
		6594777528103CCA00EE10D3 /* Debug */ = {
			isa = XCBuildConfiguration;
			buildSettings = {
				ASSETCATALOG_COMPILER_APPICON_NAME = AppIcon;
				ASSETCATALOG_COMPILER_GLOBAL_ACCENT_COLOR_NAME = AccentColor;
				CODE_SIGN_STYLE = Automatic;
				CURRENT_PROJECT_VERSION = 1;
				DEVELOPMENT_ASSET_PATHS = "\"TopTracerTest/Preview Content\"";
				ENABLE_PREVIEWS = YES;
				GENERATE_INFOPLIST_FILE = YES;
				INFOPLIST_KEY_UIApplicationSceneManifest_Generation = YES;
				INFOPLIST_KEY_UIApplicationSupportsIndirectInputEvents = YES;
				INFOPLIST_KEY_UILaunchScreen_Generation = YES;
				INFOPLIST_KEY_UISupportedInterfaceOrientations_iPad = "UIInterfaceOrientationPortrait UIInterfaceOrientationPortraitUpsideDown UIInterfaceOrientationLandscapeLeft UIInterfaceOrientationLandscapeRight";
				INFOPLIST_KEY_UISupportedInterfaceOrientations_iPhone = "UIInterfaceOrientationPortrait UIInterfaceOrientationLandscapeLeft UIInterfaceOrientationLandscapeRight";
				LD_RUNPATH_SEARCH_PATHS = (
					"$(inherited)",
					"@executable_path/Frameworks",
				);
				MARKETING_VERSION = 1.0;
				PRODUCT_BUNDLE_IDENTIFIER = se.tommy.TopTracerTest;
				PRODUCT_NAME = "$(TARGET_NAME)";
				SWIFT_EMIT_LOC_STRINGS = YES;
				SWIFT_VERSION = 5.0;
				TARGETED_DEVICE_FAMILY = "1,2";
			};
			name = Debug;
		};
		6594777628103CCA00EE10D3 /* Release */ = {
			isa = XCBuildConfiguration;
			buildSettings = {
				ASSETCATALOG_COMPILER_APPICON_NAME = AppIcon;
				ASSETCATALOG_COMPILER_GLOBAL_ACCENT_COLOR_NAME = AccentColor;
				CODE_SIGN_STYLE = Automatic;
				CURRENT_PROJECT_VERSION = 1;
				DEVELOPMENT_ASSET_PATHS = "\"TopTracerTest/Preview Content\"";
				ENABLE_PREVIEWS = YES;
				GENERATE_INFOPLIST_FILE = YES;
				INFOPLIST_KEY_UIApplicationSceneManifest_Generation = YES;
				INFOPLIST_KEY_UIApplicationSupportsIndirectInputEvents = YES;
				INFOPLIST_KEY_UILaunchScreen_Generation = YES;
				INFOPLIST_KEY_UISupportedInterfaceOrientations_iPad = "UIInterfaceOrientationPortrait UIInterfaceOrientationPortraitUpsideDown UIInterfaceOrientationLandscapeLeft UIInterfaceOrientationLandscapeRight";
				INFOPLIST_KEY_UISupportedInterfaceOrientations_iPhone = "UIInterfaceOrientationPortrait UIInterfaceOrientationLandscapeLeft UIInterfaceOrientationLandscapeRight";
				LD_RUNPATH_SEARCH_PATHS = (
					"$(inherited)",
					"@executable_path/Frameworks",
				);
				MARKETING_VERSION = 1.0;
				PRODUCT_BUNDLE_IDENTIFIER = se.tommy.TopTracerTest;
				PRODUCT_NAME = "$(TARGET_NAME)";
				SWIFT_EMIT_LOC_STRINGS = YES;
				SWIFT_VERSION = 5.0;
				TARGETED_DEVICE_FAMILY = "1,2";
			};
			name = Release;
		};
		6594777828103CCA00EE10D3 /* Debug */ = {
			isa = XCBuildConfiguration;
			buildSettings = {
				ALWAYS_EMBED_SWIFT_STANDARD_LIBRARIES = YES;
				BUNDLE_LOADER = "$(TEST_HOST)";
				CODE_SIGN_STYLE = Automatic;
				CURRENT_PROJECT_VERSION = 1;
				GENERATE_INFOPLIST_FILE = YES;
				IPHONEOS_DEPLOYMENT_TARGET = 15.4;
				MARKETING_VERSION = 1.0;
				PRODUCT_BUNDLE_IDENTIFIER = se.tommy.TopTracerTestTests;
				PRODUCT_NAME = "$(TARGET_NAME)";
				SWIFT_EMIT_LOC_STRINGS = NO;
				SWIFT_VERSION = 5.0;
				TARGETED_DEVICE_FAMILY = "1,2";
				TEST_HOST = "$(BUILT_PRODUCTS_DIR)/TopTracerTest.app/TopTracerTest";
			};
			name = Debug;
		};
		6594777928103CCA00EE10D3 /* Release */ = {
			isa = XCBuildConfiguration;
			buildSettings = {
				ALWAYS_EMBED_SWIFT_STANDARD_LIBRARIES = YES;
				BUNDLE_LOADER = "$(TEST_HOST)";
				CODE_SIGN_STYLE = Automatic;
				CURRENT_PROJECT_VERSION = 1;
				GENERATE_INFOPLIST_FILE = YES;
				IPHONEOS_DEPLOYMENT_TARGET = 15.4;
				MARKETING_VERSION = 1.0;
				PRODUCT_BUNDLE_IDENTIFIER = se.tommy.TopTracerTestTests;
				PRODUCT_NAME = "$(TARGET_NAME)";
				SWIFT_EMIT_LOC_STRINGS = NO;
				SWIFT_VERSION = 5.0;
				TARGETED_DEVICE_FAMILY = "1,2";
				TEST_HOST = "$(BUILT_PRODUCTS_DIR)/TopTracerTest.app/TopTracerTest";
			};
			name = Release;
		};
		6594777B28103CCA00EE10D3 /* Debug */ = {
			isa = XCBuildConfiguration;
			buildSettings = {
				ALWAYS_EMBED_SWIFT_STANDARD_LIBRARIES = YES;
				CODE_SIGN_STYLE = Automatic;
				CURRENT_PROJECT_VERSION = 1;
				GENERATE_INFOPLIST_FILE = YES;
				MARKETING_VERSION = 1.0;
				PRODUCT_BUNDLE_IDENTIFIER = se.tommy.TopTracerTestUITests;
				PRODUCT_NAME = "$(TARGET_NAME)";
				SWIFT_EMIT_LOC_STRINGS = NO;
				SWIFT_VERSION = 5.0;
				TARGETED_DEVICE_FAMILY = "1,2";
				TEST_TARGET_NAME = TopTracerTest;
			};
			name = Debug;
		};
		6594777C28103CCA00EE10D3 /* Release */ = {
			isa = XCBuildConfiguration;
			buildSettings = {
				ALWAYS_EMBED_SWIFT_STANDARD_LIBRARIES = YES;
				CODE_SIGN_STYLE = Automatic;
				CURRENT_PROJECT_VERSION = 1;
				GENERATE_INFOPLIST_FILE = YES;
				MARKETING_VERSION = 1.0;
				PRODUCT_BUNDLE_IDENTIFIER = se.tommy.TopTracerTestUITests;
				PRODUCT_NAME = "$(TARGET_NAME)";
				SWIFT_EMIT_LOC_STRINGS = NO;
				SWIFT_VERSION = 5.0;
				TARGETED_DEVICE_FAMILY = "1,2";
				TEST_TARGET_NAME = TopTracerTest;
			};
			name = Release;
		};
/* End XCBuildConfiguration section */

/* Begin XCConfigurationList section */
		6594774B28103CC500EE10D3 /* Build configuration list for PBXProject "TopTracerTest" */ = {
			isa = XCConfigurationList;
			buildConfigurations = (
				6594777228103CCA00EE10D3 /* Debug */,
				6594777328103CCA00EE10D3 /* Release */,
			);
			defaultConfigurationIsVisible = 0;
			defaultConfigurationName = Release;
		};
		6594777428103CCA00EE10D3 /* Build configuration list for PBXNativeTarget "TopTracerTest" */ = {
			isa = XCConfigurationList;
			buildConfigurations = (
				6594777528103CCA00EE10D3 /* Debug */,
				6594777628103CCA00EE10D3 /* Release */,
			);
			defaultConfigurationIsVisible = 0;
			defaultConfigurationName = Release;
		};
		6594777728103CCA00EE10D3 /* Build configuration list for PBXNativeTarget "TopTracerTestTests" */ = {
			isa = XCConfigurationList;
			buildConfigurations = (
				6594777828103CCA00EE10D3 /* Debug */,
				6594777928103CCA00EE10D3 /* Release */,
			);
			defaultConfigurationIsVisible = 0;
			defaultConfigurationName = Release;
		};
		6594777A28103CCA00EE10D3 /* Build configuration list for PBXNativeTarget "TopTracerTestUITests" */ = {
			isa = XCConfigurationList;
			buildConfigurations = (
				6594777B28103CCA00EE10D3 /* Debug */,
				6594777C28103CCA00EE10D3 /* Release */,
			);
			defaultConfigurationIsVisible = 0;
			defaultConfigurationName = Release;
		};
/* End XCConfigurationList section */
	};
	rootObject = 6594774828103CC500EE10D3 /* Project object */;
}
